
Microsoft Visual Studio Solution File, Format Version 12.00
# Visual Studio Version 16
VisualStudioVersion = 16.0.33328.57
MinimumVisualStudioVersion = 10.0.40219.1
Project("{FAE04EC0-301F-11D3-BF4B-00C04F79EFBC}") = "GenericParameters", "GenericParameters\GenericParameters.csproj", "{DC8AB03F-0C6C-4CA0-93C2-663F658C1564}"
EndProject
Global
	GlobalSection(SolutionConfigurationPlatforms) = preSolution
		Debug|Any CPU = Debug|Any CPU
		Release|Any CPU = Release|Any CPU
	EndGlobalSection
	GlobalSection(ProjectConfigurationPlatforms) = postSolution
		{DC8AB03F-0C6C-4CA0-93C2-663F658C1564}.Debug|Any CPU.ActiveCfg = Debug|Any CPU
		{DC8AB03F-0C6C-4CA0-93C2-663F658C1564}.Debug|Any CPU.Build.0 = Debug|Any CPU
		{DC8AB03F-0C6C-4CA0-93C2-663F658C1564}.Release|Any CPU.ActiveCfg = Release|Any CPU
		{DC8AB03F-0C6C-4CA0-93C2-663F658C1564}.Release|Any CPU.Build.0 = Release|Any CPU
	EndGlobalSection
	GlobalSection(SolutionProperties) = preSolution
		HideSolutionNode = FALSE
	EndGlobalSection
	GlobalSection(ExtensibilityGlobals) = postSolution
		SolutionGuid = {7A611E69-E375-48AC-B65E-98366D85C7BB}
	EndGlobalSection
EndGlobal
